
Microsoft Visual Studio Solution File, Format Version 12.00
# Visual Studio Version 17
VisualStudioVersion = 17.13.35913.81
MinimumVisualStudioVersion = 10.0.40219.1
Project("{FAE04EC0-301F-11D3-BF4B-00C04F79EFBC}") = "Calculator.Golvi1124", "Calculator.Golvi1124.csproj", "{E88381FE-BBDC-4E66-971A-8CF0CE88DDD6}"
EndProject
Project("{FAE04EC0-301F-11D3-BF4B-00C04F79EFBC}") = "CalculatorLibrary", "..\CalculatorLibrary\CalculatorLibrary.csproj", "{D8EBF1F3-7C2E-4AB8-8354-C9CD18C78285}"
EndProject
Global
	GlobalSection(SolutionConfigurationPlatforms) = preSolution
		Debug|Any CPU = Debug|Any CPU
		Release|Any CPU = Release|Any CPU
	EndGlobalSection
	GlobalSection(ProjectConfigurationPlatforms) = postSolution
		{E88381FE-BBDC-4E66-971A-8CF0CE88DDD6}.Debug|Any CPU.ActiveCfg = Debug|Any CPU
		{E88381FE-BBDC-4E66-971A-8CF0CE88DDD6}.Debug|Any CPU.Build.0 = Debug|Any CPU
		{E88381FE-BBDC-4E66-971A-8CF0CE88DDD6}.Release|Any CPU.ActiveCfg = Release|Any CPU
		{E88381FE-BBDC-4E66-971A-8CF0CE88DDD6}.Release|Any CPU.Build.0 = Release|Any CPU
		{D8EBF1F3-7C2E-4AB8-8354-C9CD18C78285}.Debug|Any CPU.ActiveCfg = Debug|Any CPU
		{D8EBF1F3-7C2E-4AB8-8354-C9CD18C78285}.Debug|Any CPU.Build.0 = Debug|Any CPU
		{D8EBF1F3-7C2E-4AB8-8354-C9CD18C78285}.Release|Any CPU.ActiveCfg = Release|Any CPU
		{D8EBF1F3-7C2E-4AB8-8354-C9CD18C78285}.Release|Any CPU.Build.0 = Release|Any CPU
	EndGlobalSection
	GlobalSection(SolutionProperties) = preSolution
		HideSolutionNode = FALSE
	EndGlobalSection
	GlobalSection(ExtensibilityGlobals) = postSolution
		SolutionGuid = {7227499D-73F8-4EFE-8F7F-5803BCA3CF50}
	EndGlobalSection
EndGlobal
